
Microsoft Visual Studio Solution File, Format Version 12.00
# Visual Studio Version 17
VisualStudioVersion = 17.5.002.0
MinimumVisualStudioVersion = 10.0.40219.1
Project("{9A19103F-16F7-4668-BE54-9A1E7A4F7556}") = "DivisibleFour", "DivisibleFour.csproj", "{9BB3FCEE-5D39-4B5C-B653-9A8499978FD1}"
EndProject
Global
	GlobalSection(SolutionConfigurationPlatforms) = preSolution
		Debug|Any CPU = Debug|Any CPU
		Release|Any CPU = Release|Any CPU
	EndGlobalSection
	GlobalSection(ProjectConfigurationPlatforms) = postSolution
		{9BB3FCEE-5D39-4B5C-B653-9A8499978FD1}.Debug|Any CPU.ActiveCfg = Debug|Any CPU
		{9BB3FCEE-5D39-4B5C-B653-9A8499978FD1}.Debug|Any CPU.Build.0 = Debug|Any CPU
		{9BB3FCEE-5D39-4B5C-B653-9A8499978FD1}.Release|Any CPU.ActiveCfg = Release|Any CPU
		{9BB3FCEE-5D39-4B5C-B653-9A8499978FD1}.Release|Any CPU.Build.0 = Release|Any CPU
	EndGlobalSection
	GlobalSection(SolutionProperties) = preSolution
		HideSolutionNode = FALSE
	EndGlobalSection
	GlobalSection(ExtensibilityGlobals) = postSolution
		SolutionGuid = {FE600B90-8B6D-4739-9DAB-4407BA34D4E6}
	EndGlobalSection
EndGlobal
